
Microsoft Visual Studio Solution File, Format Version 12.00
# Visual Studio 11
Project("{FAE04EC0-301F-11D3-BF4B-00C04F79EFBC}") = "TinyIoC.MetroStyle", "TinyIoC.MetroStyle\TinyIoC.MetroStyle.csproj", "{B9739C70-9FD1-40EA-9493-7E6B64518BBD}"
EndProject
Project("{FAE04EC0-301F-11D3-BF4B-00C04F79EFBC}") = "TinyIoC.Tests.ExternalTypes.MetroStyle", "TinyIoC.Tests.ExternalTypes.MetroStyle\TinyIoC.Tests.ExternalTypes.MetroStyle.csproj", "{A19C2F9A-CE82-44CF-8856-EDD2D760E3A0}"
EndProject
Project("{FAE04EC0-301F-11D3-BF4B-00C04F79EFBC}") = "TinyIoC.Tests.MetroStyle", "TinyIoC.Tests.MetroStyle\TinyIoC.Tests.MetroStyle.csproj", "{3A76E659-8688-4431-8120-B6CDBE8C69A4}"
EndProject
Global
	GlobalSection(SolutionConfigurationPlatforms) = preSolution
		Debug|ARM = Debug|ARM
		Debug|Any CPU = Debug|Any CPU
		Debug|x64 = Debug|x64
		Debug|x86 = Debug|x86
		Release|ARM = Release|ARM
		Release|Any CPU = Release|Any CPU
		Release|x64 = Release|x64
		Release|x86 = Release|x86
	EndGlobalSection
	GlobalSection(ProjectConfigurationPlatforms) = postSolution
		{3A76E659-8688-4431-8120-B6CDBE8C69A4}.Debug|ARM.ActiveCfg = Debug|ARM
		{3A76E659-8688-4431-8120-B6CDBE8C69A4}.Debug|ARM.Build.0 = Debug|ARM
		{3A76E659-8688-4431-8120-B6CDBE8C69A4}.Debug|ARM.Deploy.0 = Debug|ARM
		{3A76E659-8688-4431-8120-B6CDBE8C69A4}.Debug|Any CPU.ActiveCfg = Debug|Any CPU
		{3A76E659-8688-4431-8120-B6CDBE8C69A4}.Debug|Any CPU.Build.0 = Debug|Any CPU
		{3A76E659-8688-4431-8120-B6CDBE8C69A4}.Debug|Any CPU.Deploy.0 = Debug|Any CPU
		{3A76E659-8688-4431-8120-B6CDBE8C69A4}.Debug|x64.ActiveCfg = Debug|x64
		{3A76E659-8688-4431-8120-B6CDBE8C69A4}.Debug|x64.Build.0 = Debug|x64
		{3A76E659-8688-4431-8120-B6CDBE8C69A4}.Debug|x64.Deploy.0 = Debug|x64
		{3A76E659-8688-4431-8120-B6CDBE8C69A4}.Debug|x86.ActiveCfg = Debug|x86
		{3A76E659-8688-4431-8120-B6CDBE8C69A4}.Debug|x86.Build.0 = Debug|x86
		{3A76E659-8688-4431-8120-B6CDBE8C69A4}.Debug|x86.Deploy.0 = Debug|x86
		{3A76E659-8688-4431-8120-B6CDBE8C69A4}.Release|ARM.ActiveCfg = Release|ARM
		{3A76E659-8688-4431-8120-B6CDBE8C69A4}.Release|ARM.Build.0 = Release|ARM
		{3A76E659-8688-4431-8120-B6CDBE8C69A4}.Release|ARM.Deploy.0 = Release|ARM
		{3A76E659-8688-4431-8120-B6CDBE8C69A4}.Release|Any CPU.ActiveCfg = Release|Any CPU
		{3A76E659-8688-4431-8120-B6CDBE8C69A4}.Release|Any CPU.Build.0 = Release|Any CPU
		{3A76E659-8688-4431-8120-B6CDBE8C69A4}.Release|Any CPU.Deploy.0 = Release|Any CPU
		{3A76E659-8688-4431-8120-B6CDBE8C69A4}.Release|x64.ActiveCfg = Release|x64
		{3A76E659-8688-4431-8120-B6CDBE8C69A4}.Release|x64.Build.0 = Release|x64
		{3A76E659-8688-4431-8120-B6CDBE8C69A4}.Release|x64.Deploy.0 = Release|x64
		{3A76E659-8688-4431-8120-B6CDBE8C69A4}.Release|x86.ActiveCfg = Release|x86
		{3A76E659-8688-4431-8120-B6CDBE8C69A4}.Release|x86.Build.0 = Release|x86
		{3A76E659-8688-4431-8120-B6CDBE8C69A4}.Release|x86.Deploy.0 = Release|x86
		{A19C2F9A-CE82-44CF-8856-EDD2D760E3A0}.Debug|ARM.ActiveCfg = Debug|ARM
		{A19C2F9A-CE82-44CF-8856-EDD2D760E3A0}.Debug|ARM.Build.0 = Debug|ARM
		{A19C2F9A-CE82-44CF-8856-EDD2D760E3A0}.Debug|Any CPU.ActiveCfg = Debug|Any CPU
		{A19C2F9A-CE82-44CF-8856-EDD2D760E3A0}.Debug|Any CPU.Build.0 = Debug|Any CPU
		{A19C2F9A-CE82-44CF-8856-EDD2D760E3A0}.Debug|x64.ActiveCfg = Debug|x64
		{A19C2F9A-CE82-44CF-8856-EDD2D760E3A0}.Debug|x64.Build.0 = Debug|x64
		{A19C2F9A-CE82-44CF-8856-EDD2D760E3A0}.Debug|x86.ActiveCfg = Debug|x86
		{A19C2F9A-CE82-44CF-8856-EDD2D760E3A0}.Debug|x86.Build.0 = Debug|x86
		{A19C2F9A-CE82-44CF-8856-EDD2D760E3A0}.Release|ARM.ActiveCfg = Release|ARM
		{A19C2F9A-CE82-44CF-8856-EDD2D760E3A0}.Release|ARM.Build.0 = Release|ARM
		{A19C2F9A-CE82-44CF-8856-EDD2D760E3A0}.Release|Any CPU.ActiveCfg = Release|Any CPU
		{A19C2F9A-CE82-44CF-8856-EDD2D760E3A0}.Release|Any CPU.Build.0 = Release|Any CPU
		{A19C2F9A-CE82-44CF-8856-EDD2D760E3A0}.Release|x64.ActiveCfg = Release|x64
		{A19C2F9A-CE82-44CF-8856-EDD2D760E3A0}.Release|x64.Build.0 = Release|x64
		{A19C2F9A-CE82-44CF-8856-EDD2D760E3A0}.Release|x86.ActiveCfg = Release|x86
		{A19C2F9A-CE82-44CF-8856-EDD2D760E3A0}.Release|x86.Build.0 = Release|x86
		{B9739C70-9FD1-40EA-9493-7E6B64518BBD}.Debug|ARM.ActiveCfg = Debug|ARM
		{B9739C70-9FD1-40EA-9493-7E6B64518BBD}.Debug|ARM.Build.0 = Debug|ARM
		{B9739C70-9FD1-40EA-9493-7E6B64518BBD}.Debug|Any CPU.ActiveCfg = Debug|Any CPU
		{B9739C70-9FD1-40EA-9493-7E6B64518BBD}.Debug|Any CPU.Build.0 = Debug|Any CPU
		{B9739C70-9FD1-40EA-9493-7E6B64518BBD}.Debug|x64.ActiveCfg = Debug|x64
		{B9739C70-9FD1-40EA-9493-7E6B64518BBD}.Debug|x64.Build.0 = Debug|x64
		{B9739C70-9FD1-40EA-9493-7E6B64518BBD}.Debug|x86.ActiveCfg = Debug|x86
		{B9739C70-9FD1-40EA-9493-7E6B64518BBD}.Debug|x86.Build.0 = Debug|x86
		{B9739C70-9FD1-40EA-9493-7E6B64518BBD}.Release|ARM.ActiveCfg = Release|ARM
		{B9739C70-9FD1-40EA-9493-7E6B64518BBD}.Release|ARM.Build.0 = Release|ARM
		{B9739C70-9FD1-40EA-9493-7E6B64518BBD}.Release|Any CPU.ActiveCfg = Release|Any CPU
		{B9739C70-9FD1-40EA-9493-7E6B64518BBD}.Release|Any CPU.Build.0 = Release|Any CPU
		{B9739C70-9FD1-40EA-9493-7E6B64518BBD}.Release|x64.ActiveCfg = Release|x64
		{B9739C70-9FD1-40EA-9493-7E6B64518BBD}.Release|x64.Build.0 = Release|x64
		{B9739C70-9FD1-40EA-9493-7E6B64518BBD}.Release|x86.ActiveCfg = Release|x86
		{B9739C70-9FD1-40EA-9493-7E6B64518BBD}.Release|x86.Build.0 = Release|x86
	EndGlobalSection
	GlobalSection(SolutionProperties) = preSolution
		HideSolutionNode = FALSE
	EndGlobalSection
EndGlobal
