
Microsoft Visual Studio Solution File, Format Version 12.00
# Visual Studio Version 16
VisualStudioVersion = 16.0.30011.22
MinimumVisualStudioVersion = 10.0.40219.1
Project("{9A19103F-16F7-4668-BE54-9A1E7A4F7556}") = "TinyIoC", "src\TinyIoC\TinyIoC.csproj", "{72FF4023-DEDF-40D2-8E54-1BB3E9C38C5C}"
EndProject
Project("{9A19103F-16F7-4668-BE54-9A1E7A4F7556}") = "TinyIoC.Tests", "tests\TinyIoC.Tests\TinyIoC.Tests.csproj", "{C0F65D37-0DF3-43F6-9338-8FC57453876A}"
EndProject
Project("{9A19103F-16F7-4668-BE54-9A1E7A4F7556}") = "TinyIoC.Tests.ExternalTypes", "tests\TinyIoC.Tests.ExternalTypes\TinyIoC.Tests.ExternalTypes.csproj", "{F6422C73-C40A-489A-A822-387E3098B2F1}"
EndProject
Project("{2150E333-8FDC-42A3-9474-1A3956D46DE8}") = "Tests", "Tests", "{234A5083-1F24-45B1-9A50-5318A3EC9DFD}"
EndProject
Project("{9A19103F-16F7-4668-BE54-9A1E7A4F7556}") = "TinyIoC.AspNetExtensions", "src\TinyIoC.AspNetExtensions\TinyIoC.AspNetExtensions.csproj", "{10A02824-B74A-4A2B-905A-486DF703ADA7}"
EndProject
Project("{9A19103F-16F7-4668-BE54-9A1E7A4F7556}") = "TinyMessenger", "src\TinyMessenger\TinyMessenger.csproj", "{C89AD914-7A99-4BFF-B645-AB787FEFC89A}"
EndProject
Global
	GlobalSection(SolutionConfigurationPlatforms) = preSolution
		Debug|Any CPU = Debug|Any CPU
		Release|Any CPU = Release|Any CPU
		Source|Any CPU = Source|Any CPU
	EndGlobalSection
	GlobalSection(ProjectConfigurationPlatforms) = postSolution
		{72FF4023-DEDF-40D2-8E54-1BB3E9C38C5C}.Debug|Any CPU.ActiveCfg = Debug|Any CPU
		{72FF4023-DEDF-40D2-8E54-1BB3E9C38C5C}.Debug|Any CPU.Build.0 = Debug|Any CPU
		{72FF4023-DEDF-40D2-8E54-1BB3E9C38C5C}.Release|Any CPU.ActiveCfg = Release|Any CPU
		{72FF4023-DEDF-40D2-8E54-1BB3E9C38C5C}.Release|Any CPU.Build.0 = Release|Any CPU
		{72FF4023-DEDF-40D2-8E54-1BB3E9C38C5C}.Source|Any CPU.ActiveCfg = Source|Any CPU
		{72FF4023-DEDF-40D2-8E54-1BB3E9C38C5C}.Source|Any CPU.Build.0 = Source|Any CPU
		{C0F65D37-0DF3-43F6-9338-8FC57453876A}.Debug|Any CPU.ActiveCfg = Debug|Any CPU
		{C0F65D37-0DF3-43F6-9338-8FC57453876A}.Debug|Any CPU.Build.0 = Debug|Any CPU
		{C0F65D37-0DF3-43F6-9338-8FC57453876A}.Release|Any CPU.ActiveCfg = Release|Any CPU
		{C0F65D37-0DF3-43F6-9338-8FC57453876A}.Release|Any CPU.Build.0 = Release|Any CPU
		{C0F65D37-0DF3-43F6-9338-8FC57453876A}.Source|Any CPU.ActiveCfg = Release|Any CPU
		{C0F65D37-0DF3-43F6-9338-8FC57453876A}.Source|Any CPU.Build.0 = Release|Any CPU
		{F6422C73-C40A-489A-A822-387E3098B2F1}.Debug|Any CPU.ActiveCfg = Debug|Any CPU
		{F6422C73-C40A-489A-A822-387E3098B2F1}.Debug|Any CPU.Build.0 = Debug|Any CPU
		{F6422C73-C40A-489A-A822-387E3098B2F1}.Release|Any CPU.ActiveCfg = Release|Any CPU
		{F6422C73-C40A-489A-A822-387E3098B2F1}.Release|Any CPU.Build.0 = Release|Any CPU
		{F6422C73-C40A-489A-A822-387E3098B2F1}.Source|Any CPU.ActiveCfg = Release|Any CPU
		{F6422C73-C40A-489A-A822-387E3098B2F1}.Source|Any CPU.Build.0 = Release|Any CPU
		{10A02824-B74A-4A2B-905A-486DF703ADA7}.Debug|Any CPU.ActiveCfg = Debug|Any CPU
		{10A02824-B74A-4A2B-905A-486DF703ADA7}.Debug|Any CPU.Build.0 = Debug|Any CPU
		{10A02824-B74A-4A2B-905A-486DF703ADA7}.Release|Any CPU.ActiveCfg = Release|Any CPU
		{10A02824-B74A-4A2B-905A-486DF703ADA7}.Release|Any CPU.Build.0 = Release|Any CPU
		{10A02824-B74A-4A2B-905A-486DF703ADA7}.Source|Any CPU.ActiveCfg = Source|Any CPU
		{10A02824-B74A-4A2B-905A-486DF703ADA7}.Source|Any CPU.Build.0 = Source|Any CPU
		{C89AD914-7A99-4BFF-B645-AB787FEFC89A}.Debug|Any CPU.ActiveCfg = Debug|Any CPU
		{C89AD914-7A99-4BFF-B645-AB787FEFC89A}.Debug|Any CPU.Build.0 = Debug|Any CPU
		{C89AD914-7A99-4BFF-B645-AB787FEFC89A}.Release|Any CPU.ActiveCfg = Release|Any CPU
		{C89AD914-7A99-4BFF-B645-AB787FEFC89A}.Release|Any CPU.Build.0 = Release|Any CPU
		{C89AD914-7A99-4BFF-B645-AB787FEFC89A}.Source|Any CPU.ActiveCfg = Source|Any CPU
		{C89AD914-7A99-4BFF-B645-AB787FEFC89A}.Source|Any CPU.Build.0 = Source|Any CPU
	EndGlobalSection
	GlobalSection(SolutionProperties) = preSolution
		HideSolutionNode = FALSE
	EndGlobalSection
	GlobalSection(NestedProjects) = preSolution
		{C0F65D37-0DF3-43F6-9338-8FC57453876A} = {234A5083-1F24-45B1-9A50-5318A3EC9DFD}
		{F6422C73-C40A-489A-A822-387E3098B2F1} = {234A5083-1F24-45B1-9A50-5318A3EC9DFD}
	EndGlobalSection
	GlobalSection(ExtensibilityGlobals) = postSolution
		SolutionGuid = {A25E106A-01ED-4DE8-8278-A216350EE569}
	EndGlobalSection
EndGlobal
