
Microsoft Visual Studio Solution File, Format Version 11.00
# Visual Studio 2010
Project("{FAE04EC0-301F-11D3-BF4B-00C04F79EFBC}") = "SilverlightPlatformTests", "SilverlightPlatformTests\SilverlightPlatformTests.csproj", "{AB6C7D5C-8285-4734-B9D9-F8FF24003456}"
EndProject
Global
	GlobalSection(SolutionConfigurationPlatforms) = preSolution
		Debug|Any CPU = Debug|Any CPU
		Release|Any CPU = Release|Any CPU
	EndGlobalSection
	GlobalSection(ProjectConfigurationPlatforms) = postSolution
		{AB6C7D5C-8285-4734-B9D9-F8FF24003456}.Debug|Any CPU.ActiveCfg = Debug|Any CPU
		{AB6C7D5C-8285-4734-B9D9-F8FF24003456}.Debug|Any CPU.Build.0 = Debug|Any CPU
		{AB6C7D5C-8285-4734-B9D9-F8FF24003456}.Release|Any CPU.ActiveCfg = Release|Any CPU
		{AB6C7D5C-8285-4734-B9D9-F8FF24003456}.Release|Any CPU.Build.0 = Release|Any CPU
	EndGlobalSection
	GlobalSection(SolutionProperties) = preSolution
		HideSolutionNode = FALSE
	EndGlobalSection
EndGlobal
