
Microsoft Visual Studio Solution File, Format Version 10.00
# Visual Studio 2008
Project("{FAE04EC0-301F-11D3-BF4B-00C04F79EFBC}") = "MonoTouchTinyIoCPlatformTests", "MonoTouchTinyIoCPlatformTests\MonoTouchTinyIoCPlatformTests.csproj", "{0B223E77-8E57-45A0-A9B0-2CB9A1F07349}"
EndProject
Global
	GlobalSection(SolutionConfigurationPlatforms) = preSolution
		Debug|iPhoneSimulator = Debug|iPhoneSimulator
		Release|iPhoneSimulator = Release|iPhoneSimulator
		Debug|iPhone = Debug|iPhone
		Release|iPhone = Release|iPhone
	EndGlobalSection
	GlobalSection(ProjectConfigurationPlatforms) = postSolution
		{0B223E77-8E57-45A0-A9B0-2CB9A1F07349}.Debug|iPhone.ActiveCfg = Debug|iPhone
		{0B223E77-8E57-45A0-A9B0-2CB9A1F07349}.Debug|iPhone.Build.0 = Debug|iPhone
		{0B223E77-8E57-45A0-A9B0-2CB9A1F07349}.Debug|iPhoneSimulator.ActiveCfg = Debug|iPhoneSimulator
		{0B223E77-8E57-45A0-A9B0-2CB9A1F07349}.Debug|iPhoneSimulator.Build.0 = Debug|iPhoneSimulator
		{0B223E77-8E57-45A0-A9B0-2CB9A1F07349}.Release|iPhone.ActiveCfg = Release|iPhone
		{0B223E77-8E57-45A0-A9B0-2CB9A1F07349}.Release|iPhone.Build.0 = Release|iPhone
		{0B223E77-8E57-45A0-A9B0-2CB9A1F07349}.Release|iPhoneSimulator.ActiveCfg = Release|iPhoneSimulator
		{0B223E77-8E57-45A0-A9B0-2CB9A1F07349}.Release|iPhoneSimulator.Build.0 = Release|iPhoneSimulator
	EndGlobalSection
	GlobalSection(MonoDevelopProperties) = preSolution
		StartupItem = MonoTouchTinyIoCPlatformTests\MonoTouchTinyIoCPlatformTests.csproj
	EndGlobalSection
EndGlobal
