
Microsoft Visual Studio Solution File, Format Version 12.00
# Visual Studio 2012
Project("{2150E333-8FDC-42A3-9474-1A3956D46DE8}") = "Solution Items", "Solution Items", "{3549B35C-E6A0-4007-8BBD-C82396AA28A1}"
	ProjectSection(SolutionItems) = preProject
		LocalTestRun.testrunconfig = LocalTestRun.testrunconfig
		tinyioc.vsmdi = tinyioc.vsmdi
	EndProjectSection
EndProject
Project("{FAE04EC0-301F-11D3-BF4B-00C04F79EFBC}") = "TinyIoC.Tests.ExternalTypes", "TinyIoC.Tests.ExternalTypes\TinyIoC.Tests.ExternalTypes.csproj", "{F6422C73-C40A-489A-A822-387E3098B2F1}"
EndProject
Project("{FAE04EC0-301F-11D3-BF4B-00C04F79EFBC}") = "TinyIoC.PCL", "TinyIoC.PCL\TinyIoC.PCL.csproj", "{0F8E6405-CF2B-4800-ABDD-843C0FC5D1E6}"
EndProject
Project("{FAE04EC0-301F-11D3-BF4B-00C04F79EFBC}") = "TinyIoC.PCL.Tests", "TinyIoC.PCL.Tests\TinyIoC.PCL.Tests.csproj", "{5688CA97-65A1-4A83-954F-D8D3DEC5A4EF}"
EndProject
Global
	GlobalSection(TestCaseManagementSettings) = postSolution
		CategoryFile = TinyIoC.vsmdi
	EndGlobalSection
	GlobalSection(SolutionConfigurationPlatforms) = preSolution
		Debug|Any CPU = Debug|Any CPU
		Release|Any CPU = Release|Any CPU
	EndGlobalSection
	GlobalSection(ProjectConfigurationPlatforms) = postSolution
		{F6422C73-C40A-489A-A822-387E3098B2F1}.Debug|Any CPU.ActiveCfg = Debug|Any CPU
		{F6422C73-C40A-489A-A822-387E3098B2F1}.Debug|Any CPU.Build.0 = Debug|Any CPU
		{F6422C73-C40A-489A-A822-387E3098B2F1}.Release|Any CPU.ActiveCfg = Release|Any CPU
		{F6422C73-C40A-489A-A822-387E3098B2F1}.Release|Any CPU.Build.0 = Release|Any CPU
		{0F8E6405-CF2B-4800-ABDD-843C0FC5D1E6}.Debug|Any CPU.ActiveCfg = Debug|Any CPU
		{0F8E6405-CF2B-4800-ABDD-843C0FC5D1E6}.Debug|Any CPU.Build.0 = Debug|Any CPU
		{0F8E6405-CF2B-4800-ABDD-843C0FC5D1E6}.Release|Any CPU.ActiveCfg = Release|Any CPU
		{0F8E6405-CF2B-4800-ABDD-843C0FC5D1E6}.Release|Any CPU.Build.0 = Release|Any CPU
		{5688CA97-65A1-4A83-954F-D8D3DEC5A4EF}.Debug|Any CPU.ActiveCfg = Debug|Any CPU
		{5688CA97-65A1-4A83-954F-D8D3DEC5A4EF}.Debug|Any CPU.Build.0 = Debug|Any CPU
		{5688CA97-65A1-4A83-954F-D8D3DEC5A4EF}.Release|Any CPU.ActiveCfg = Release|Any CPU
		{5688CA97-65A1-4A83-954F-D8D3DEC5A4EF}.Release|Any CPU.Build.0 = Release|Any CPU
	EndGlobalSection
	GlobalSection(SolutionProperties) = preSolution
		HideSolutionNode = FALSE
	EndGlobalSection
	GlobalSection(SubversionScc) = preSolution
		Svn-Managed = True
		Manager = AnkhSVN - Subversion Support for Visual Studio
	EndGlobalSection
EndGlobal
